
Microsoft Visual Studio Solution File, Format Version 11.00
# Visual Studio 2010
Project("{8BC9CEB8-8B4A-11D0-8D11-00A0C91BC942}") = "Se7en Nerds 3.0", "Se7en Nerds 3.0\Se7en Nerds 3.0.vcxproj", "{00F99014-D839-4B37-8FDB-9155DED750E9}"
EndProject
Global
	GlobalSection(SolutionConfigurationPlatforms) = preSolution
		Debug|Win32 = Debug|Win32
		Release|Win32 = Release|Win32
	EndGlobalSection
	GlobalSection(ProjectConfigurationPlatforms) = postSolution
		{00F99014-D839-4B37-8FDB-9155DED750E9}.Debug|Win32.ActiveCfg = Debug|Win32
		{00F99014-D839-4B37-8FDB-9155DED750E9}.Debug|Win32.Build.0 = Debug|Win32
		{00F99014-D839-4B37-8FDB-9155DED750E9}.Release|Win32.ActiveCfg = Release|Win32
		{00F99014-D839-4B37-8FDB-9155DED750E9}.Release|Win32.Build.0 = Release|Win32
	EndGlobalSection
	GlobalSection(SolutionProperties) = preSolution
		HideSolutionNode = FALSE
	EndGlobalSection
EndGlobal
